{
  "requires": true,
  "lockfileVersion": 1,
  "dependencies": {
    "@bbob/parser": {
      "version": "2.3.1",
      "resolved": "https://registry.npmjs.org/@bbob/parser/-/parser-2.3.1.tgz",
      "integrity": "sha512-8vs2HocOlebv1RQzM2zPBoXGYV7Z4VWLAO+BBzdV7S7bIJheCUEeTq3cqX0dYzP0Bi2y41uWu8vMnXe56k0WaA==",
      "requires": {
        "@bbob/plugin-helper": "^2.3.1"
      }
    },
    "@bbob/plugin-helper": {
      "version": "2.3.1",
      "resolved": "https://registry.npmjs.org/@bbob/plugin-helper/-/plugin-helper-2.3.1.tgz",
      "integrity": "sha512-mOPmUbsOjhVTJz7RICjfdRUzyPCQKIgaPCY9PaBpuh3LWihYG0jQi0fAj96rpyv/Ppqo8jueXu5glhxROqiA8A=="
    },
    "@doctormckay/stats-reporter": {
      "version": "1.0.4",
      "resolved": "https://registry.npmjs.org/@doctormckay/stats-reporter/-/stats-reporter-1.0.4.tgz",
      "integrity": "sha512-J8YqHQGZ3OdrT4xzWOzvA/p3vnXNnSOsAybPa5+02YE5U46JbZexfzU8nJV+2iN7GWhGvLAQNgdvFHl5WKB4iw=="
    },
    "@doctormckay/stdlib": {
      "version": "1.10.0",
      "resolved": "https://registry.npmjs.org/@doctormckay/stdlib/-/stdlib-1.10.0.tgz",
      "integrity": "sha512-Sb1kpMGG/uKUg4oxDjUgFKJELncsEn9FESjeD6gx/mtCZsaxs5xN5KjjwCSmhR+aTLCTO+i+Vv8WZ5hGe6aqKQ=="
    },
    "@doctormckay/steam-crypto": {
      "version": "1.2.0",
      "resolved": "https://registry.npmjs.org/@doctormckay/steam-crypto/-/steam-crypto-1.2.0.tgz",
      "integrity": "sha1-KxI8HpgDTzyMa5AQnjX8QnbghrA="
    },
    "@protobufjs/aspromise": {
      "version": "1.1.2",
      "resolved": "https://registry.npmjs.org/@protobufjs/aspromise/-/aspromise-1.1.2.tgz",
      "integrity": "sha1-m4sMxmPWaafY9vXQiToU00jzD78="
    },
    "@protobufjs/base64": {
      "version": "1.1.2",
      "resolved": "https://registry.npmjs.org/@protobufjs/base64/-/base64-1.1.2.tgz",
      "integrity": "sha512-AZkcAA5vnN/v4PDqKyMR5lx7hZttPDgClv83E//FMNhR2TMcLUhfRUBHCmSl0oi9zMgDDqRUJkSxO3wm85+XLg=="
    },
    "@protobufjs/codegen": {
      "version": "2.0.4",
      "resolved": "https://registry.npmjs.org/@protobufjs/codegen/-/codegen-2.0.4.tgz",
      "integrity": "sha512-YyFaikqM5sH0ziFZCN3xDC7zeGaB/d0IUb9CATugHWbd1FRFwWwt4ld4OYMPWu5a3Xe01mGAULCdqhMlPl29Jg=="
    },
    "@protobufjs/eventemitter": {
      "version": "1.1.0",
      "resolved": "https://registry.npmjs.org/@protobufjs/eventemitter/-/eventemitter-1.1.0.tgz",
      "integrity": "sha1-NVy8mLr61ZePntCV85diHx0Ga3A="
    },
    "@protobufjs/fetch": {
      "version": "1.1.0",
      "resolved": "https://registry.npmjs.org/@protobufjs/fetch/-/fetch-1.1.0.tgz",
      "integrity": "sha1-upn7WYYUr2VwDBYZ/wbUVLDYTEU=",
      "requires": {
        "@protobufjs/aspromise": "^1.1.1",
        "@protobufjs/inquire": "^1.1.0"
      }
    },
    "@protobufjs/float": {
      "version": "1.0.2",
      "resolved": "https://registry.npmjs.org/@protobufjs/float/-/float-1.0.2.tgz",
      "integrity": "sha1-Xp4avctz/Ap8uLKR33jIy9l7h9E="
    },
    "@protobufjs/inquire": {
      "version": "1.1.0",
      "resolved": "https://registry.npmjs.org/@protobufjs/inquire/-/inquire-1.1.0.tgz",
      "integrity": "sha1-/yAOPnzyQp4tyvwRQIKOjMY48Ik="
    },
    "@protobufjs/path": {
      "version": "1.1.2",
      "resolved": "https://registry.npmjs.org/@protobufjs/path/-/path-1.1.2.tgz",
      "integrity": "sha1-bMKyDFya1q0NzP0hynZz2Nf79o0="
    },
    "@protobufjs/pool": {
      "version": "1.1.0",
      "resolved": "https://registry.npmjs.org/@protobufjs/pool/-/pool-1.1.0.tgz",
      "integrity": "sha1-Cf0V8tbTq/qbZbw2ZQbWrXhG/1Q="
    },
    "@protobufjs/utf8": {
      "version": "1.1.0",
      "resolved": "https://registry.npmjs.org/@protobufjs/utf8/-/utf8-1.1.0.tgz",
      "integrity": "sha1-p3c2C1s5oaLlEG+OhY8v0tBgxXA="
    },
    "@types/long": {
      "version": "4.0.0",
      "resolved": "https://registry.npmjs.org/@types/long/-/long-4.0.0.tgz",
      "integrity": "sha512-1w52Nyx4Gq47uuu0EVcsHBxZFJgurQ+rTKS3qMHxR1GY2T8c2AJYd6vZoZ9q1rupaDjU0yT+Jc2XTyXkjeMA+Q=="
    },
    "@types/node": {
      "version": "10.12.30",
      "resolved": "https://registry.npmjs.org/@types/node/-/node-10.12.30.tgz",
      "integrity": "sha512-nsqTN6zUcm9xtdJiM9OvOJ5EF0kOI8f1Zuug27O/rgtxCRJHGqncSWfCMZUP852dCKPsDsYXGvBhxfRjDBkF5Q=="
    },
    "a-sync-waterfall": {
      "version": "1.0.1",
      "resolved": "https://registry.npmjs.org/a-sync-waterfall/-/a-sync-waterfall-1.0.1.tgz",
      "integrity": "sha512-RYTOHHdWipFUliRFMCS4X2Yn2X8M87V/OpSqWzKKOGhzqyUxzyVmhHDH9sAvG+ZuQf/TAOFsLCpMw09I1ufUnA=="
    },
    "abbrev": {
      "version": "1.1.1",
      "resolved": "https://registry.npmjs.org/abbrev/-/abbrev-1.1.1.tgz",
      "integrity": "sha512-nne9/IiQ/hzIhY6pdDnbBtz7DjPTKrY00P/zvPSm5pOFkl6xuGrGnXn/VtTNNfNtAfZ9/1RtehkszU9qcTii0Q=="
    },
    "adm-zip": {
      "version": "0.4.13",
      "resolved": "https://registry.npmjs.org/adm-zip/-/adm-zip-0.4.13.tgz",
      "integrity": "sha512-fERNJX8sOXfel6qCBCMPvZLzENBEhZTzKqg6vrOW5pvoEaQuJhRU4ndTAh6lHOxn1I6jnz2NHra56ZODM751uw=="
    },
    "appdirectory": {
      "version": "0.1.0",
      "resolved": "https://registry.npmjs.org/appdirectory/-/appdirectory-0.1.0.tgz",
      "integrity": "sha1-62yBYyDnsqsW9e2ZfyjYIF31Y3U="
    },
    "async": {
      "version": "1.5.2",
      "resolved": "https://registry.npmjs.org/async/-/async-1.5.2.tgz",
      "integrity": "sha1-7GphrlZIDAw8skHJVhjiCJL5Zyo="
    },
    "binarykvparser": {
      "version": "2.2.0",
      "resolved": "https://registry.npmjs.org/binarykvparser/-/binarykvparser-2.2.0.tgz",
      "integrity": "sha512-mGBKngQF9ui53THcMjgjd0LrBH/HsI2Vywfjq52udSAmRGG87h0vjhkqun0kF+iC4rQ2jLZqldwJE7YN2ueiWw==",
      "requires": {
        "long": "^3.2.0"
      },
      "dependencies": {
        "long": {
          "version": "3.2.0",
          "bundled": true
        }
      }
    },
    "bytebuffer": {
      "version": "5.0.1",
      "resolved": "https://registry.npmjs.org/bytebuffer/-/bytebuffer-5.0.1.tgz",
      "integrity": "sha1-WC7qSxqHO20CCkjVjfhfC7ps/d0=",
      "requires": {
        "long": "~3"
      }
    },
    "cli": {
      "version": "0.4.4-2",
      "resolved": "https://registry.npmjs.org/cli/-/cli-0.4.4-2.tgz",
      "integrity": "sha1-o4yPmR3yLuoBeewW3ZD6PzyF+ko=",
      "requires": {
        "glob": ">= 3.1.4"
      }
    },
    "colors": {
      "version": "1.3.3",
      "resolved": "https://registry.npmjs.org/colors/-/colors-1.3.3.tgz",
      "integrity": "sha512-mmGt/1pZqYRjMxB1axhTo16/snVZ5krrKkcmMeVKxzECMMXoCgnvTPp10QgHfcbQZw8Dq2jMNG6je4JlWU0gWg=="
    },
    "commander": {
      "version": "2.0.0",
      "resolved": "https://registry.npmjs.org/commander/-/commander-2.0.0.tgz",
      "integrity": "sha1-0bhvkB+LZL2UG96tr5JFMDk76Sg="
    },
    "config-chain": {
      "version": "1.1.12",
      "resolved": "https://registry.npmjs.org/config-chain/-/config-chain-1.1.12.tgz",
      "integrity": "sha512-a1eOIcu8+7lUInge4Rpf/n4Krkf3Dd9lqhljRzII1/Zno/kRtUWnznPO3jOKBmTEktkt3fkxisUcivoj0ebzoA==",
      "requires": {
        "ini": "^1.3.4",
        "proto-list": "~1.2.1"
      }
    },
    "cuint": {
      "version": "0.2.2",
      "resolved": "https://registry.npmjs.org/cuint/-/cuint-0.2.2.tgz",
      "integrity": "sha1-QICG1AlVDCYxFVYZ6fp7ytw7mRs="
    },
    "debug": {
      "version": "4.1.1",
      "resolved": "https://registry.npmjs.org/debug/-/debug-4.1.1.tgz",
      "integrity": "sha512-pYAIzeRo8J6KPEaJ0VWOh5Pzkbw/RetuzehGM7QRRX5he4fPHx2rdKMB256ehJCkX+XRQm16eZLqLNS8RSZXZw==",
      "requires": {
        "ms": "^2.1.1"
      }
    },
    "deep-equal": {
      "version": "0.1.2",
      "resolved": "https://registry.npmjs.org/deep-equal/-/deep-equal-0.1.2.tgz",
      "integrity": "sha1-skbCuApXCkfBG+HZvRBw7IeLh84="
    },
    "diff": {
      "version": "1.0.7",
      "resolved": "https://registry.npmjs.org/diff/-/diff-1.0.7.tgz",
      "integrity": "sha1-JLuwAcSn1VIhaefKvbLCgU7ZHPQ="
    },
    "edit-json-file": {
      "version": "1.2.1",
      "resolved": "https://registry.npmjs.org/edit-json-file/-/edit-json-file-1.2.1.tgz",
      "integrity": "sha512-/azxdkmsXKfR5AbrNmj2E5rUg+RZk1NHeBk/GaGBeEEwldNS8UzD8Enq9+qkMXnslmZr2iZEFpvrKHeSmxMCAw==",
      "requires": {
        "find-value": "^1.0.3",
        "iterate-object": "^1.3.2",
        "r-json": "^1.2.5",
        "set-value": "^0.4.0",
        "w-json": "^1.3.5"
      }
    },
    "extend-shallow": {
      "version": "2.0.1",
      "resolved": "https://registry.npmjs.org/extend-shallow/-/extend-shallow-2.0.1.tgz",
      "integrity": "sha1-Ua99YUrZqfYQ6huvu5idaxxWiQ8=",
      "requires": {
        "is-extendable": "^0.1.0"
      }
    },
    "file-manager": {
      "version": "1.0.1",
      "resolved": "https://registry.npmjs.org/file-manager/-/file-manager-1.0.1.tgz",
      "integrity": "sha1-yZySdeSoyNr13vFR9rUUBVIegXo=",
      "requires": {
        "async": "^1.4.2"
      }
    },
    "filo-buffer": {
      "version": "0.0.1",
      "resolved": "https://registry.npmjs.org/filo-buffer/-/filo-buffer-0.0.1.tgz",
      "integrity": "sha1-dXD/CBsWfgd8jvwgCYW58HufZ6E="
    },
    "find-value": {
      "version": "1.0.11",
      "resolved": "https://registry.npmjs.org/find-value/-/find-value-1.0.11.tgz",
      "integrity": "sha512-ECGsf/85PJgK/kOv6q1/MA1pawuBvQi12td/7MQHakfE7/P2jFgUeo0BL1dbAF97DPOTrtsrFBHkwBnPMWZiKg=="
    },
    "fresh": {
      "version": "0.1.0",
      "resolved": "https://registry.npmjs.org/fresh/-/fresh-0.1.0.tgz",
      "integrity": "sha1-A+SwF4Qk5MLV0ZpU2IFM3JeTSFA="
    },
    "glob": {
      "version": "3.2.1",
      "resolved": "https://registry.npmjs.org/glob/-/glob-3.2.1.tgz",
      "integrity": "sha1-V69w7HO6IyO/4/KaBndl22TF11g=",
      "requires": {
        "graceful-fs": "~1.2.0",
        "inherits": "1",
        "minimatch": "~0.2.11"
      },
      "dependencies": {
        "inherits": {
          "version": "1.0.2",
          "resolved": "https://registry.npmjs.org/inherits/-/inherits-1.0.2.tgz",
          "integrity": "sha1-ykMJ2t7mtUzAuNJH6NfHoJdb3Js="
        }
      }
    },
    "graceful-fs": {
      "version": "1.2.3",
      "resolved": "https://registry.npmjs.org/graceful-fs/-/graceful-fs-1.2.3.tgz",
      "integrity": "sha1-FaSAaldUfLLS2/J/QuiajDRRs2Q="
    },
    "growl": {
      "version": "1.7.0",
      "resolved": "https://registry.npmjs.org/growl/-/growl-1.7.0.tgz",
      "integrity": "sha1-3i1mE20ALhErpw8/EMMc98NQsto="
    },
    "inherits": {
      "version": "2.0.3",
      "resolved": "https://registry.npmjs.org/inherits/-/inherits-2.0.3.tgz",
      "integrity": "sha1-Yzwsg+PaQqUC9SRmAiSA9CCCYd4="
    },
    "ini": {
      "version": "1.3.5",
      "resolved": "https://registry.npmjs.org/ini/-/ini-1.3.5.tgz",
      "integrity": "sha512-RZY5huIKCMRWDUqZlEi72f/lmXKMvuszcMBduliQ3nnWbx9X/ZBQO7DijMEYS9EhHBb2qacRUMtC7svLwe0lcw=="
    },
    "is-buffer": {
      "version": "1.1.6",
      "resolved": "https://registry.npmjs.org/is-buffer/-/is-buffer-1.1.6.tgz",
      "integrity": "sha512-NcdALwpXkTm5Zvvbk7owOUSvVvBKDgKP5/ewfXEznmQFfs4ZRmanOeKBTjRVjka3QFoN6XJ+9F3USqfHqTaU5w=="
    },
    "is-extendable": {
      "version": "0.1.1",
      "resolved": "https://registry.npmjs.org/is-extendable/-/is-extendable-0.1.1.tgz",
      "integrity": "sha1-YrEQ4omkcUGOPsNqYX1HLjAd/Ik="
    },
    "is-plain-object": {
      "version": "2.0.4",
      "resolved": "https://registry.npmjs.org/is-plain-object/-/is-plain-object-2.0.4.tgz",
      "integrity": "sha512-h5PpgXkWitc38BBMYawTYMWJHFZJVnBquFE57xFpjB8pJFiF6gZ+bU+WyI/yqXiFR5mdLsgYNaPe8uao6Uv9Og==",
      "requires": {
        "isobject": "^3.0.1"
      }
    },
    "isobject": {
      "version": "3.0.1",
      "resolved": "https://registry.npmjs.org/isobject/-/isobject-3.0.1.tgz",
      "integrity": "sha1-TkMekrEalzFjaqH5yNHMvP2reN8="
    },
    "iterate-object": {
      "version": "1.3.3",
      "resolved": "https://registry.npmjs.org/iterate-object/-/iterate-object-1.3.3.tgz",
      "integrity": "sha512-DximWbkke36cnrSfNJv6bgcB2QOMV9PRD2FiowwzCoMsh8RupFLdbNIzWe+cVDWT+NIMNJgGlB1dGxP6kpzGtA=="
    },
    "jade": {
      "version": "0.26.3",
      "resolved": "https://registry.npmjs.org/jade/-/jade-0.26.3.tgz",
      "integrity": "sha1-jxDXl32NefL2/4YqgbBRPMslaGw=",
      "requires": {
        "commander": "0.6.1",
        "mkdirp": "0.3.0"
      },
      "dependencies": {
        "commander": {
          "version": "0.6.1",
          "resolved": "https://registry.npmjs.org/commander/-/commander-0.6.1.tgz",
          "integrity": "sha1-+mihT2qUXVTbvlDYzbMyDp47GgY="
        },
        "mkdirp": {
          "version": "0.3.0",
          "resolved": "https://registry.npmjs.org/mkdirp/-/mkdirp-0.3.0.tgz",
          "integrity": "sha1-G79asbqCevI1dRQ0kEJkVfSB/h4="
        }
      }
    },
    "js-beautify": {
      "version": "1.4.2",
      "resolved": "https://registry.npmjs.org/js-beautify/-/js-beautify-1.4.2.tgz",
      "integrity": "sha1-iILfRQqejs910ifxzOtajslolrc=",
      "requires": {
        "config-chain": "~1.1.5",
        "mkdirp": "0.3.5",
        "nopt": "~2.1.1"
      }
    },
    "keypress": {
      "version": "0.2.1",
      "resolved": "https://registry.npmjs.org/keypress/-/keypress-0.2.1.tgz",
      "integrity": "sha1-HoBFQlABjbrUw/6USX1uZ7YmnHc="
    },
    "kind-of": {
      "version": "3.2.2",
      "resolved": "https://registry.npmjs.org/kind-of/-/kind-of-3.2.2.tgz",
      "integrity": "sha1-MeohpzS6ubuw8yRm2JOupR5KPGQ=",
      "requires": {
        "is-buffer": "^1.1.5"
      }
    },
    "long": {
      "version": "3.2.0",
      "resolved": "https://registry.npmjs.org/long/-/long-3.2.0.tgz",
      "integrity": "sha1-2CG3E4yhy1gcFymQ7xTbIAtcR0s="
    },
    "lru-cache": {
      "version": "2.7.3",
      "resolved": "https://registry.npmjs.org/lru-cache/-/lru-cache-2.7.3.tgz",
      "integrity": "sha1-bUUk6LlV+V1PW1iFHOId1y+06VI="
    },
    "lzma": {
      "version": "2.3.2",
      "resolved": "https://registry.npmjs.org/lzma/-/lzma-2.3.2.tgz",
      "integrity": "sha1-N4OySFi5wOdHoN88vx+1/KqSxEE="
    },
    "mime": {
      "version": "1.2.6",
      "resolved": "https://registry.npmjs.org/mime/-/mime-1.2.6.tgz",
      "integrity": "sha1-sfhsdowCX6h7SAdfFwnyiuryA2U="
    },
    "minimatch": {
      "version": "0.2.14",
      "resolved": "https://registry.npmjs.org/minimatch/-/minimatch-0.2.14.tgz",
      "integrity": "sha1-x054BXT2PG+aCQ6Q775u9TpqdWo=",
      "requires": {
        "lru-cache": "2",
        "sigmund": "~1.0.0"
      }
    },
    "mkdirp": {
      "version": "0.3.5",
      "resolved": "https://registry.npmjs.org/mkdirp/-/mkdirp-0.3.5.tgz",
      "integrity": "sha1-3j5fiWHIjHh+4TaN+EmsRBPsqNc="
    },
    "mocha": {
      "version": "1.17.0",
      "resolved": "https://registry.npmjs.org/mocha/-/mocha-1.17.0.tgz",
      "integrity": "sha1-WD0SqfIXdbbTfRBKx9sF1Vf6XVA=",
      "requires": {
        "commander": "2.0.0",
        "debug": "*",
        "diff": "1.0.7",
        "glob": "3.2.3",
        "growl": "1.7.x",
        "jade": "0.26.3",
        "mkdirp": "0.3.5"
      },
      "dependencies": {
        "glob": {
          "version": "3.2.3",
          "resolved": "https://registry.npmjs.org/glob/-/glob-3.2.3.tgz",
          "integrity": "sha1-4xPusknHr/qlxHUoaw4RW1mDlGc=",
          "requires": {
            "graceful-fs": "~2.0.0",
            "inherits": "2",
            "minimatch": "~0.2.11"
          }
        },
        "graceful-fs": {
          "version": "2.0.3",
          "resolved": "https://registry.npmjs.org/graceful-fs/-/graceful-fs-2.0.3.tgz",
          "integrity": "sha1-fNLNsiiko/Nule+mzBQt59GhNtA="
        }
      }
    },
    "ms": {
      "version": "2.1.1",
      "resolved": "https://registry.npmjs.org/ms/-/ms-2.1.1.tgz",
      "integrity": "sha512-tgp+dl5cGk28utYktBsrFqA7HKgrhgPsg6Z/EfhWI4gl1Hwq8B/GmY/0oXZ6nF8hDVesS/FpnYaD/kOWhYQvyg=="
    },
    "nopt": {
      "version": "2.1.2",
      "resolved": "https://registry.npmjs.org/nopt/-/nopt-2.1.2.tgz",
      "integrity": "sha1-bMzZd7gBMqB3MdbozljCyDA8+a8=",
      "requires": {
        "abbrev": "1"
      }
    },
    "permessage-deflate": {
      "version": "0.1.6",
      "resolved": "https://registry.npmjs.org/permessage-deflate/-/permessage-deflate-0.1.6.tgz",
      "integrity": "sha1-WB8c7fvUQPrEfQd3vohjM4a5kt4="
    },
    "phpjs": {
      "version": "1.3.2",
      "resolved": "https://registry.npmjs.org/phpjs/-/phpjs-1.3.2.tgz",
      "integrity": "sha1-XHusVdHeCegFQgIlkxYb2YA0irs=",
      "requires": {
        "cli": "0.4.4-2",
        "deep-equal": "0.1.2",
        "glob": "3.2.1",
        "js-beautify": "1.4.2",
        "mocha": "1.17.0",
        "send": "0.1.0",
        "underscore": "1.5.2"
      }
    },
    "proto-list": {
      "version": "1.2.4",
      "resolved": "https://registry.npmjs.org/proto-list/-/proto-list-1.2.4.tgz",
      "integrity": "sha1-IS1b/hMYMGpCD2QCuOJv85ZHqEk="
    },
    "protobufjs": {
      "version": "6.8.8",
      "resolved": "https://registry.npmjs.org/protobufjs/-/protobufjs-6.8.8.tgz",
      "integrity": "sha512-AAmHtD5pXgZfi7GMpllpO3q1Xw1OYldr+dMUlAnffGTAhqkg72WdmSY71uKBF/JuyiKs8psYbtKrhi0ASCD8qw==",
      "requires": {
        "@protobufjs/aspromise": "^1.1.2",
        "@protobufjs/base64": "^1.1.2",
        "@protobufjs/codegen": "^2.0.4",
        "@protobufjs/eventemitter": "^1.1.0",
        "@protobufjs/fetch": "^1.1.0",
        "@protobufjs/float": "^1.0.2",
        "@protobufjs/inquire": "^1.1.0",
        "@protobufjs/path": "^1.1.2",
        "@protobufjs/pool": "^1.1.0",
        "@protobufjs/utf8": "^1.1.0",
        "@types/long": "^4.0.0",
        "@types/node": "^10.1.0",
        "long": "^4.0.0"
      },
      "dependencies": {
        "long": {
          "version": "4.0.0",
          "resolved": "https://registry.npmjs.org/long/-/long-4.0.0.tgz",
          "integrity": "sha512-XsP+KhQif4bjX1kbuSiySJFNAehNxgLb6hPRGJ9QsUr8ajHkuXGdrHmFUTUUXhDwVX2R5bY4JNZEwbUiMhV+MA=="
        }
      }
    },
    "r-json": {
      "version": "1.2.9",
      "resolved": "https://registry.npmjs.org/r-json/-/r-json-1.2.9.tgz",
      "integrity": "sha512-E5u25XBE7PpZmH5XwtthAmNvSLMTygDQMpcPtCTUBdvwPaqgIYJrxlRQJhG55Sgz7uC0Tuyh5nqNrsDT3uiefA=="
    },
    "range-parser": {
      "version": "0.0.4",
      "resolved": "https://registry.npmjs.org/range-parser/-/range-parser-0.0.4.tgz",
      "integrity": "sha1-wEJ//vUcEKy6B4KkbJYC50T/Ygs="
    },
    "readline-sync": {
      "version": "1.4.9",
      "resolved": "https://registry.npmjs.org/readline-sync/-/readline-sync-1.4.9.tgz",
      "integrity": "sha1-PtqOZfI80qF+YTAbHwADOWr17No="
    },
    "send": {
      "version": "0.1.0",
      "resolved": "https://registry.npmjs.org/send/-/send-0.1.0.tgz",
      "integrity": "sha1-z7COvTzsm3/Bo32f+eh1qXHPRkA=",
      "requires": {
        "debug": "*",
        "fresh": "0.1.0",
        "mime": "1.2.6",
        "range-parser": "0.0.4"
      }
    },
    "set-value": {
      "version": "0.4.3",
      "resolved": "https://registry.npmjs.org/set-value/-/set-value-0.4.3.tgz",
      "integrity": "sha1-fbCPnT0i3H945Trzw79GZuzfzPE=",
      "requires": {
        "extend-shallow": "^2.0.1",
        "is-extendable": "^0.1.1",
        "is-plain-object": "^2.0.1",
        "to-object-path": "^0.3.0"
      }
    },
    "sigmund": {
      "version": "1.0.1",
      "resolved": "https://registry.npmjs.org/sigmund/-/sigmund-1.0.1.tgz",
      "integrity": "sha1-P/IfGYytIXX587eBhT/ZTQ0ZtZA="
    },
    "steam-appticket": {
      "version": "1.0.0",
      "resolved": "https://registry.npmjs.org/steam-appticket/-/steam-appticket-1.0.0.tgz",
      "integrity": "sha512-PnHYAqTFIytTr6RFulX0b2scclsXJx//PyMPOAKqxZDk9NZw5Y4v9OLtPaG73Uh3d6a5ubbBbx464AfzKkre3w==",
      "requires": {
        "@doctormckay/stdlib": "^1.6.0",
        "@doctormckay/steam-crypto": "^1.2.0",
        "bytebuffer": "^5.0.1",
        "protobufjs": "^6.8.8",
        "steamid": "^1.1.0"
      }
    },
    "steam-totp": {
      "version": "2.1.0",
      "resolved": "https://registry.npmjs.org/steam-totp/-/steam-totp-2.1.0.tgz",
      "integrity": "sha512-T7hr05z9jJHIrzkglzoVM+SBeKKVFZo4qBt+0PrwDN8kXypNnnjL6GhMyTg13Z8E9ebvtzn2Tq/z8xF7XlN/Ig==",
      "requires": {
        "@doctormckay/stats-reporter": "^1.0.0"
      }
    },
    "steam-user": {
      "version": "4.5.0",
      "resolved": "https://registry.npmjs.org/steam-user/-/steam-user-4.5.0.tgz",
      "integrity": "sha512-Zx+K5aXH3+/FMAsoxD6x4+rXE/mjovC57JVpVVJvnvEIPbDLJgyEQlzCIyuxIBtZViQicnYgq9p7+LzsE3gHcQ==",
      "requires": {
        "@bbob/parser": "^2.2.0",
        "@doctormckay/stats-reporter": "^1.0.3",
        "@doctormckay/stdlib": "^1.6.0",
        "@doctormckay/steam-crypto": "^1.2.0",
        "adm-zip": "^0.4.13",
        "appdirectory": "^0.1.0",
        "binarykvparser": "^2.2.0",
        "bytebuffer": "^5.0.0",
        "file-manager": "^1.0.1",
        "lzma": "^2.3.2",
        "protobufjs": "^6.8.8",
        "steam-appticket": "^1.0.0",
        "steam-totp": "^2.0.1",
        "steamid": "^1.1.0",
        "vdf": "^0.0.2",
        "websocket13": "^2.0.1"
      }
    },
    "steamid": {
      "version": "1.1.0",
      "resolved": "https://registry.npmjs.org/steamid/-/steamid-1.1.0.tgz",
      "integrity": "sha1-7M+/JFR/TpsdJ/y4PaYqakETmYY=",
      "requires": {
        "cuint": "^0.2.1"
      }
    },
    "to-object-path": {
      "version": "0.3.0",
      "resolved": "https://registry.npmjs.org/to-object-path/-/to-object-path-0.3.0.tgz",
      "integrity": "sha1-KXWIt7Dn4KwI4E5nL4XB9JmeF68=",
      "requires": {
        "kind-of": "^3.0.2"
      }
    },
    "totp": {
      "version": "0.0.1",
      "resolved": "https://registry.npmjs.org/totp/-/totp-0.0.1.tgz",
      "integrity": "sha1-Qv7PzVi7mz6U2/5okq34uxYIYEs=",
      "requires": {
        "phpjs": "^1.3.2"
      }
    },
    "underscore": {
      "version": "1.5.2",
      "resolved": "https://registry.npmjs.org/underscore/-/underscore-1.5.2.tgz",
      "integrity": "sha1-EzXF5PXm0zu7SwBrqMhqAPVW3gg="
    },
    "util": {
      "version": "0.11.1",
      "resolved": "https://registry.npmjs.org/util/-/util-0.11.1.tgz",
      "integrity": "sha512-HShAsny+zS2TZfaXxD9tYj4HQGlBezXZMZuM/S5PKLLoZkShZiGk9o5CzukI1LVHZvjdvZ2Sj1aW/Ndn2NB/HQ==",
      "requires": {
        "inherits": "2.0.3"
      }
    },
    "vdf": {
      "version": "0.0.2",
      "resolved": "https://registry.npmjs.org/vdf/-/vdf-0.0.2.tgz",
      "integrity": "sha1-ve6nvN3sf6/IzcWMMq6ExyXCfhQ=",
      "requires": {
        "util": "*"
      }
    },
    "w-json": {
      "version": "1.3.9",
      "resolved": "https://registry.npmjs.org/w-json/-/w-json-1.3.9.tgz",
      "integrity": "sha512-9hvWhnNZ5J3ypOJt2LzmAQBl1NrQBZED/E8MwkZQ+lGTq51hyR9zeH0dgaJzLfzOVoTbxe/yPqL10c5WVsHvbg=="
    },
    "websocket-extensions": {
      "version": "0.1.3",
      "resolved": "https://registry.npmjs.org/websocket-extensions/-/websocket-extensions-0.1.3.tgz",
      "integrity": "sha512-nqHUnMXmBzT0w570r2JpJxfiSD1IzoI+HGVdd3aZ0yNi3ngvQ4jv1dtHt5VGxfI2yj5yqImPhOK4vmIh2xMbGg=="
    },
    "websocket13": {
      "version": "2.0.1",
      "resolved": "https://registry.npmjs.org/websocket13/-/websocket13-2.0.1.tgz",
      "integrity": "sha512-yElBD0vCOiG+vZgokIWicKvWN9tEy/+X5KK6S6LSw6JJMh5ZTEv1H7oDpcdKGES/dyfwmppTpnqwnxtIiXibNQ==",
      "requires": {
        "@doctormckay/stdlib": "^1.8.0",
        "bytebuffer": "^5.0.1",
        "permessage-deflate": "^0.1.6",
        "websocket-extensions": "^0.1.2"
      }
    }
  }
}
